
Microsoft Visual Studio Solution File, Format Version 12.00
# Visual Studio Version 16
VisualStudioVersion = 16.0.31112.23
MinimumVisualStudioVersion = 10.0.40219.1
Project("{FAE04EC0-301F-11D3-BF4B-00C04F79EFBC}") = "yazi_araci", "yazi_araci\yazi_araci.csproj", "{B6B79525-4F1C-4C2A-85AB-878AFEEA2570}"
EndProject
Global
	GlobalSection(SolutionConfigurationPlatforms) = preSolution
		Debug|Any CPU = Debug|Any CPU
		Release|Any CPU = Release|Any CPU
	EndGlobalSection
	GlobalSection(ProjectConfigurationPlatforms) = postSolution
		{B6B79525-4F1C-4C2A-85AB-878AFEEA2570}.Debug|Any CPU.ActiveCfg = Debug|Any CPU
		{B6B79525-4F1C-4C2A-85AB-878AFEEA2570}.Debug|Any CPU.Build.0 = Debug|Any CPU
		{B6B79525-4F1C-4C2A-85AB-878AFEEA2570}.Release|Any CPU.ActiveCfg = Release|Any CPU
		{B6B79525-4F1C-4C2A-85AB-878AFEEA2570}.Release|Any CPU.Build.0 = Release|Any CPU
	EndGlobalSection
	GlobalSection(SolutionProperties) = preSolution
		HideSolutionNode = FALSE
	EndGlobalSection
	GlobalSection(ExtensibilityGlobals) = postSolution
		SolutionGuid = {7100D583-3331-497D-9001-D89439A7B502}
	EndGlobalSection
EndGlobal
